
Microsoft Visual Studio Solution File, Format Version 12.00
# Visual Studio Version 16
VisualStudioVersion = 16.0.31229.75
MinimumVisualStudioVersion = 10.0.40219.1
Project("{8BC9CEB8-8B4A-11D0-8D11-00A0C91BC942}") = "SurfaceCalculator", "SurfaceCalculator.vcxproj", "{40AB80BC-1BBC-463C-8B40-BF3E145C3A6B}"
EndProject
Global
	GlobalSection(SolutionConfigurationPlatforms) = preSolution
		Debug|x64 = Debug|x64
		Debug|x86 = Debug|x86
		Release|x64 = Release|x64
		Release|x86 = Release|x86
	EndGlobalSection
	GlobalSection(ProjectConfigurationPlatforms) = postSolution
		{40AB80BC-1BBC-463C-8B40-BF3E145C3A6B}.Debug|x64.ActiveCfg = Debug|x64
		{40AB80BC-1BBC-463C-8B40-BF3E145C3A6B}.Debug|x64.Build.0 = Debug|x64
		{40AB80BC-1BBC-463C-8B40-BF3E145C3A6B}.Debug|x86.ActiveCfg = Debug|Win32
		{40AB80BC-1BBC-463C-8B40-BF3E145C3A6B}.Debug|x86.Build.0 = Debug|Win32
		{40AB80BC-1BBC-463C-8B40-BF3E145C3A6B}.Release|x64.ActiveCfg = Release|x64
		{40AB80BC-1BBC-463C-8B40-BF3E145C3A6B}.Release|x64.Build.0 = Release|x64
		{40AB80BC-1BBC-463C-8B40-BF3E145C3A6B}.Release|x86.ActiveCfg = Release|Win32
		{40AB80BC-1BBC-463C-8B40-BF3E145C3A6B}.Release|x86.Build.0 = Release|Win32
	EndGlobalSection
	GlobalSection(SolutionProperties) = preSolution
		HideSolutionNode = FALSE
	EndGlobalSection
	GlobalSection(ExtensibilityGlobals) = postSolution
		SolutionGuid = {E05943A0-4BDC-40F3-A01C-D60EA58FDFE9}
	EndGlobalSection
EndGlobal
